<?xml version="1.0" encoding="utf-8"?>
<Project ToolsVersion="4.0" xmlns="http://schemas.microsoft.com/developer/msbuild/2003">
  <ItemGroup>
    <Filter Include="Source Files">
      <UniqueIdentifier>{4FC737F1-C7A5-4376-A066-2A32D752A2FF}</UniqueIdentifier>
      <Extensions>cpp;c;cc;cxx;def;odl;idl;hpj;bat;asm;asmx</Extensions>
    </Filter>
    <Filter Include="Header Files">
      <UniqueIdentifier>{93995380-89BD-4b04-88EB-625FBE52EBFB}</UniqueIdentifier>
      <Extensions>h;hh;hpp;hxx;hm;inl;inc;ipp;xsd</Extensions>
    </Filter>
    <Filter Include="Resource Files">
      <UniqueIdentifier>{67DA6AB6-F800-4c08-8B7A-83BB121AAD01}</UniqueIdentifier>
      <Extensions>rc;ico;cur;bmp;dlg;rc2;rct;bin;rgs;gif;jpg;jpeg;jpe;resx;tiff;tif;png;wav;mfcribbon-ms</Extensions>
    </Filter>
    <Filter Include="Header Files\Game Objects">
      <UniqueIdentifier>{6c1d0df0-17cf-49f6-9871-5391805deec2}</UniqueIdentifier>
    </Filter>
    <Filter Include="Source Files\Game Objects">
      <UniqueIdentifier>{bc010cb5-f930-4c54-a61b-17504bd4d3b6}</UniqueIdentifier>
    </Filter>
    <Filter Include="Header Files\Game Objects\SaveSystem">
      <UniqueIdentifier>{f7453d1e-cc63-4849-ae94-1e19c4fd49a7}</UniqueIdentifier>
    </Filter>
    <Filter Include="Header Files\Game Objects\Guns">
      <UniqueIdentifier>{16255c16-1f42-42ea-b4b1-ea28855be484}</UniqueIdentifier>
    </Filter>
  </ItemGroup>
  <ItemGroup>
    <ClCompile Include="Main.cpp">
      <Filter>Source Files</Filter>
    </ClCompile>
    <ClCompile Include="BaseGame.cpp">
      <Filter>Source Files</Filter>
    </ClCompile>
    <ClCompile Include="MainMenu.cpp">
      <Filter>Source Files</Filter>
    </ClCompile>
    <ClCompile Include="SkyFall.cpp">
      <Filter>Source Files</Filter>
    </ClCompile>
    <ClCompile Include="UIPrimitives.cpp">
      <Filter>Source Files</Filter>
    </ClCompile>
    <ClCompile Include="GameObjectManager.cpp">
      <Filter>Source Files\Game Objects</Filter>
    </ClCompile>
    <ClCompile Include="LocalPlayer.cpp">
      <Filter>Source Files\Game Objects</Filter>
    </ClCompile>
    <ClCompile Include="BaseWeapon.cpp">
      <Filter>Source Files</Filter>
    </ClCompile>
    <ClCompile Include="BulletProjectile.cpp">
      <Filter>Source Files</Filter>
    </ClCompile>
    <ClCompile Include="WeaponPistol.cpp">
      <Filter>Source Files</Filter>
    </ClCompile>
    <ClCompile Include="Input.cpp">
      <Filter>Source Files</Filter>
    </ClCompile>
  </ItemGroup>
  <ItemGroup>
    <ClInclude Include="MainMenu.hpp">
      <Filter>Header Files</Filter>
    </ClInclude>
    <ClInclude Include="SkyFall.hpp">
      <Filter>Header Files</Filter>
    </ClInclude>
    <ClInclude Include="UIPrimitives.hpp">
      <Filter>Header Files</Filter>
    </ClInclude>
    <ClInclude Include="GameObjectManager.hpp">
      <Filter>Header Files\Game Objects</Filter>
    </ClInclude>
    <ClInclude Include="LocalPlayer.hpp">
      <Filter>Header Files\Game Objects</Filter>
    </ClInclude>
    <ClInclude Include="BaseGame.hpp">
      <Filter>Header Files</Filter>
    </ClInclude>
    <ClInclude Include="BaseWeapon.hpp">
      <Filter>Header Files\Game Objects</Filter>
    </ClInclude>
    <ClInclude Include="BaseObject.hpp">
      <Filter>Header Files\Game Objects</Filter>
    </ClInclude>
    <ClInclude Include="BaseEntity.hpp">
      <Filter>Header Files\Game Objects</Filter>
    </ClInclude>
    <ClInclude Include="GameSave.hpp">
      <Filter>Header Files\Game Objects\SaveSystem</Filter>
    </ClInclude>
    <ClInclude Include="GameSaveManager.hpp">
      <Filter>Header Files\Game Objects\SaveSystem</Filter>
    </ClInclude>
    <ClInclude Include="PhysicsObject.hpp">
      <Filter>Header Files\Game Objects</Filter>
    </ClInclude>
    <ClInclude Include="BulletProjectile.hpp">
      <Filter>Header Files\Game Objects\Guns</Filter>
    </ClInclude>
    <ClInclude Include="WeaponPistol.hpp">
      <Filter>Header Files\Game Objects\Guns</Filter>
    </ClInclude>
    <ClInclude Include="Input.hpp">
      <Filter>Header Files</Filter>
    </ClInclude>
  </ItemGroup>
</Project>